
Microsoft Visual Studio Solution File, Format Version 12.00
Project("{FAE04EC0-301F-11D3-BF4B-00C04F79EFBC}") = "Exercise1", "Exercise1\Exercise1.csproj", "{A062E53E-FD46-4A67-93AF-04EE36D8C818}"
EndProject
Project("{FAE04EC0-301F-11D3-BF4B-00C04F79EFBC}") = "Exercise2", "Exercise2\Exercise2.csproj", "{A2BAF69D-6469-4C75-8F3A-4A7915F7EA4A}"
EndProject
Global
	GlobalSection(SolutionConfigurationPlatforms) = preSolution
		Debug|Any CPU = Debug|Any CPU
		Release|Any CPU = Release|Any CPU
	EndGlobalSection
	GlobalSection(ProjectConfigurationPlatforms) = postSolution
		{A062E53E-FD46-4A67-93AF-04EE36D8C818}.Debug|Any CPU.ActiveCfg = Debug|Any CPU
		{A062E53E-FD46-4A67-93AF-04EE36D8C818}.Debug|Any CPU.Build.0 = Debug|Any CPU
		{A062E53E-FD46-4A67-93AF-04EE36D8C818}.Release|Any CPU.ActiveCfg = Release|Any CPU
		{A062E53E-FD46-4A67-93AF-04EE36D8C818}.Release|Any CPU.Build.0 = Release|Any CPU
		{A2BAF69D-6469-4C75-8F3A-4A7915F7EA4A}.Debug|Any CPU.ActiveCfg = Debug|Any CPU
		{A2BAF69D-6469-4C75-8F3A-4A7915F7EA4A}.Debug|Any CPU.Build.0 = Debug|Any CPU
		{A2BAF69D-6469-4C75-8F3A-4A7915F7EA4A}.Release|Any CPU.ActiveCfg = Release|Any CPU
		{A2BAF69D-6469-4C75-8F3A-4A7915F7EA4A}.Release|Any CPU.Build.0 = Release|Any CPU
	EndGlobalSection
EndGlobal
